
Microsoft Visual Studio Solution File, Format Version 12.00
# Visual Studio 15
VisualStudioVersion = 15.0.27703.2047
MinimumVisualStudioVersion = 10.0.40219.1
Project("{9A19103F-16F7-4668-BE54-9A1E7A4F7556}") = "Jayrowe.Configuration.AwsSecretsManager", "Jayrowe.Configuration.AwsSecretsManager\Jayrowe.Configuration.AwsSecretsManager.csproj", "{9942B282-B5FA-4ADF-AE5B-4578C4132592}"
EndProject
Project("{9A19103F-16F7-4668-BE54-9A1E7A4F7556}") = "Jayrowe.Configuration.AwsSecretsManager.Tests", "Jayrowe.Configuration.AwsSecretsManager.Tests\Jayrowe.Configuration.AwsSecretsManager.Tests.csproj", "{32E39B7E-317E-4EC9-9FAA-71A96945D2CE}"
EndProject
Global
	GlobalSection(SolutionConfigurationPlatforms) = preSolution
		Debug|Any CPU = Debug|Any CPU
		Release|Any CPU = Release|Any CPU
	EndGlobalSection
	GlobalSection(ProjectConfigurationPlatforms) = postSolution
		{9942B282-B5FA-4ADF-AE5B-4578C4132592}.Debug|Any CPU.ActiveCfg = Debug|Any CPU
		{9942B282-B5FA-4ADF-AE5B-4578C4132592}.Debug|Any CPU.Build.0 = Debug|Any CPU
		{9942B282-B5FA-4ADF-AE5B-4578C4132592}.Release|Any CPU.ActiveCfg = Release|Any CPU
		{9942B282-B5FA-4ADF-AE5B-4578C4132592}.Release|Any CPU.Build.0 = Release|Any CPU
		{32E39B7E-317E-4EC9-9FAA-71A96945D2CE}.Debug|Any CPU.ActiveCfg = Debug|Any CPU
		{32E39B7E-317E-4EC9-9FAA-71A96945D2CE}.Debug|Any CPU.Build.0 = Debug|Any CPU
		{32E39B7E-317E-4EC9-9FAA-71A96945D2CE}.Release|Any CPU.ActiveCfg = Release|Any CPU
		{32E39B7E-317E-4EC9-9FAA-71A96945D2CE}.Release|Any CPU.Build.0 = Release|Any CPU
	EndGlobalSection
	GlobalSection(SolutionProperties) = preSolution
		HideSolutionNode = FALSE
	EndGlobalSection
	GlobalSection(ExtensibilityGlobals) = postSolution
		SolutionGuid = {CD99ABAE-B9FB-4A80-AD07-E774E20D9DC2}
	EndGlobalSection
EndGlobal
